
Microsoft Visual Studio Solution File, Format Version 12.00
# Visual Studio 14
VisualStudioVersion = 14.0.23107.0
MinimumVisualStudioVersion = 10.0.40219.1
Project("{8BC9CEB8-8B4A-11D0-8D11-00A0C91BC942}") = "cascade", "cascade\cascade.vcxproj", "{7B8A2EFC-B6BA-4448-9A47-81826DBD79FE}"
EndProject
Project("{8BC9CEB8-8B4A-11D0-8D11-00A0C91BC942}") = "matchTemplate", "matchTemplate\matchTemplate.vcxproj", "{B86F0ACD-EF44-42B7-917F-CFF2853C0564}"
EndProject
Project("{8BC9CEB8-8B4A-11D0-8D11-00A0C91BC942}") = "ROI_save", "ROI_save\ROI_save.vcxproj", "{CCEE7E27-0AD2-4D9C-AAF8-3B025CB335AB}"
EndProject
Project("{8BC9CEB8-8B4A-11D0-8D11-00A0C91BC942}") = "Trackbar", "Trackbar\Trackbar.vcxproj", "{0A70500A-5D0F-438B-9E7C-47F161965A2C}"
EndProject
Project("{8BC9CEB8-8B4A-11D0-8D11-00A0C91BC942}") = "minMaxLoc", "minMaxLoc\minMaxLoc.vcxproj", "{7030C9EC-E45B-4350-B3F4-8C3A2400F21D}"
EndProject
Project("{8BC9CEB8-8B4A-11D0-8D11-00A0C91BC942}") = "Vec3b", "Vec3b\Vec3b.vcxproj", "{5BDF574D-741D-40B1-854B-80AA2AFEE65E}"
EndProject
Project("{8BC9CEB8-8B4A-11D0-8D11-00A0C91BC942}") = "capture", "capture\capture.vcxproj", "{2CDAAF5C-1532-44D7-B34E-E6275F2BE3B4}"
EndProject
Project("{8BC9CEB8-8B4A-11D0-8D11-00A0C91BC942}") = "arm", "arm\arm.vcxproj", "{326739C8-5E06-46CD-8EC3-1C2A667B1793}"
EndProject
Project("{8BC9CEB8-8B4A-11D0-8D11-00A0C91BC942}") = "BackSub", "BackSub\BackSub.vcxproj", "{F63889BB-3612-42E0-BDE3-6E6667D3760E}"
EndProject
Project("{8BC9CEB8-8B4A-11D0-8D11-00A0C91BC942}") = "inRange", "inRange\inRange.vcxproj", "{000AE761-EE4F-476D-B8C9-051AAFA54462}"
EndProject
Project("{8BC9CEB8-8B4A-11D0-8D11-00A0C91BC942}") = "eye-hand", "eye-hand\eye-hand.vcxproj", "{84A96D8D-BC6B-4706-8215-BEE49A755294}"
EndProject
Project("{8BC9CEB8-8B4A-11D0-8D11-00A0C91BC942}") = "eigen_sample", "eigen_sample\eigen_sample.vcxproj", "{86526CB3-3E4B-4C93-8B32-72CEDDAC8E04}"
EndProject
Project("{8BC9CEB8-8B4A-11D0-8D11-00A0C91BC942}") = "eigen_geometry", "eigen_geometry\eigen_geometry.vcxproj", "{155597C9-7224-4C8C-968F-D3A18CFD368B}"
EndProject
Project("{8BC9CEB8-8B4A-11D0-8D11-00A0C91BC942}") = "Calibration", "Calibration\Calibration.vcxproj", "{495BA3CF-A3E8-435E-BE9B-9AFC827BAC9D}"
EndProject
Project("{8BC9CEB8-8B4A-11D0-8D11-00A0C91BC942}") = "calibrateHandEye", "calibrateHandEye\calibrateHandEye.vcxproj", "{7519FE14-00B1-45E4-A0E4-E6C8C47965ED}"
EndProject
Project("{8BC9CEB8-8B4A-11D0-8D11-00A0C91BC942}") = "test", "test\test.vcxproj", "{8725AB8E-719C-414E-8453-B8379E21DE41}"
EndProject
Project("{8BC9CEB8-8B4A-11D0-8D11-00A0C91BC942}") = "file_opers", "file_opers\file_opers.vcxproj", "{634B7324-E34A-470D-90B3-842EDE5A6215}"
EndProject
Project("{8BC9CEB8-8B4A-11D0-8D11-00A0C91BC942}") = "mat", "mat\mat.vcxproj", "{76347108-8BB0-4D08-A913-B9B7D1A84E7A}"
EndProject
Global
	GlobalSection(SolutionConfigurationPlatforms) = preSolution
		Debug|x64 = Debug|x64
		Debug|x86 = Debug|x86
		Release|x64 = Release|x64
		Release|x86 = Release|x86
	EndGlobalSection
	GlobalSection(ProjectConfigurationPlatforms) = postSolution
		{7B8A2EFC-B6BA-4448-9A47-81826DBD79FE}.Debug|x64.ActiveCfg = Debug|x64
		{7B8A2EFC-B6BA-4448-9A47-81826DBD79FE}.Debug|x64.Build.0 = Debug|x64
		{7B8A2EFC-B6BA-4448-9A47-81826DBD79FE}.Debug|x86.ActiveCfg = Debug|Win32
		{7B8A2EFC-B6BA-4448-9A47-81826DBD79FE}.Debug|x86.Build.0 = Debug|Win32
		{7B8A2EFC-B6BA-4448-9A47-81826DBD79FE}.Release|x64.ActiveCfg = Release|x64
		{7B8A2EFC-B6BA-4448-9A47-81826DBD79FE}.Release|x64.Build.0 = Release|x64
		{7B8A2EFC-B6BA-4448-9A47-81826DBD79FE}.Release|x86.ActiveCfg = Release|Win32
		{7B8A2EFC-B6BA-4448-9A47-81826DBD79FE}.Release|x86.Build.0 = Release|Win32
		{B86F0ACD-EF44-42B7-917F-CFF2853C0564}.Debug|x64.ActiveCfg = Debug|x64
		{B86F0ACD-EF44-42B7-917F-CFF2853C0564}.Debug|x64.Build.0 = Debug|x64
		{B86F0ACD-EF44-42B7-917F-CFF2853C0564}.Debug|x86.ActiveCfg = Debug|Win32
		{B86F0ACD-EF44-42B7-917F-CFF2853C0564}.Debug|x86.Build.0 = Debug|Win32
		{B86F0ACD-EF44-42B7-917F-CFF2853C0564}.Release|x64.ActiveCfg = Release|x64
		{B86F0ACD-EF44-42B7-917F-CFF2853C0564}.Release|x64.Build.0 = Release|x64
		{B86F0ACD-EF44-42B7-917F-CFF2853C0564}.Release|x86.ActiveCfg = Release|Win32
		{B86F0ACD-EF44-42B7-917F-CFF2853C0564}.Release|x86.Build.0 = Release|Win32
		{CCEE7E27-0AD2-4D9C-AAF8-3B025CB335AB}.Debug|x64.ActiveCfg = Debug|x64
		{CCEE7E27-0AD2-4D9C-AAF8-3B025CB335AB}.Debug|x64.Build.0 = Debug|x64
		{CCEE7E27-0AD2-4D9C-AAF8-3B025CB335AB}.Debug|x86.ActiveCfg = Debug|Win32
		{CCEE7E27-0AD2-4D9C-AAF8-3B025CB335AB}.Debug|x86.Build.0 = Debug|Win32
		{CCEE7E27-0AD2-4D9C-AAF8-3B025CB335AB}.Release|x64.ActiveCfg = Release|x64
		{CCEE7E27-0AD2-4D9C-AAF8-3B025CB335AB}.Release|x64.Build.0 = Release|x64
		{CCEE7E27-0AD2-4D9C-AAF8-3B025CB335AB}.Release|x86.ActiveCfg = Release|Win32
		{CCEE7E27-0AD2-4D9C-AAF8-3B025CB335AB}.Release|x86.Build.0 = Release|Win32
		{0A70500A-5D0F-438B-9E7C-47F161965A2C}.Debug|x64.ActiveCfg = Debug|x64
		{0A70500A-5D0F-438B-9E7C-47F161965A2C}.Debug|x64.Build.0 = Debug|x64
		{0A70500A-5D0F-438B-9E7C-47F161965A2C}.Debug|x86.ActiveCfg = Debug|Win32
		{0A70500A-5D0F-438B-9E7C-47F161965A2C}.Debug|x86.Build.0 = Debug|Win32
		{0A70500A-5D0F-438B-9E7C-47F161965A2C}.Release|x64.ActiveCfg = Release|x64
		{0A70500A-5D0F-438B-9E7C-47F161965A2C}.Release|x64.Build.0 = Release|x64
		{0A70500A-5D0F-438B-9E7C-47F161965A2C}.Release|x86.ActiveCfg = Release|Win32
		{0A70500A-5D0F-438B-9E7C-47F161965A2C}.Release|x86.Build.0 = Release|Win32
		{7030C9EC-E45B-4350-B3F4-8C3A2400F21D}.Debug|x64.ActiveCfg = Debug|x64
		{7030C9EC-E45B-4350-B3F4-8C3A2400F21D}.Debug|x64.Build.0 = Debug|x64
		{7030C9EC-E45B-4350-B3F4-8C3A2400F21D}.Debug|x86.ActiveCfg = Debug|Win32
		{7030C9EC-E45B-4350-B3F4-8C3A2400F21D}.Debug|x86.Build.0 = Debug|Win32
		{7030C9EC-E45B-4350-B3F4-8C3A2400F21D}.Release|x64.ActiveCfg = Release|x64
		{7030C9EC-E45B-4350-B3F4-8C3A2400F21D}.Release|x64.Build.0 = Release|x64
		{7030C9EC-E45B-4350-B3F4-8C3A2400F21D}.Release|x86.ActiveCfg = Release|Win32
		{7030C9EC-E45B-4350-B3F4-8C3A2400F21D}.Release|x86.Build.0 = Release|Win32
		{5BDF574D-741D-40B1-854B-80AA2AFEE65E}.Debug|x64.ActiveCfg = Debug|x64
		{5BDF574D-741D-40B1-854B-80AA2AFEE65E}.Debug|x64.Build.0 = Debug|x64
		{5BDF574D-741D-40B1-854B-80AA2AFEE65E}.Debug|x86.ActiveCfg = Debug|Win32
		{5BDF574D-741D-40B1-854B-80AA2AFEE65E}.Debug|x86.Build.0 = Debug|Win32
		{5BDF574D-741D-40B1-854B-80AA2AFEE65E}.Release|x64.ActiveCfg = Release|x64
		{5BDF574D-741D-40B1-854B-80AA2AFEE65E}.Release|x64.Build.0 = Release|x64
		{5BDF574D-741D-40B1-854B-80AA2AFEE65E}.Release|x86.ActiveCfg = Release|Win32
		{5BDF574D-741D-40B1-854B-80AA2AFEE65E}.Release|x86.Build.0 = Release|Win32
		{2CDAAF5C-1532-44D7-B34E-E6275F2BE3B4}.Debug|x64.ActiveCfg = Debug|x64
		{2CDAAF5C-1532-44D7-B34E-E6275F2BE3B4}.Debug|x64.Build.0 = Debug|x64
		{2CDAAF5C-1532-44D7-B34E-E6275F2BE3B4}.Debug|x86.ActiveCfg = Debug|Win32
		{2CDAAF5C-1532-44D7-B34E-E6275F2BE3B4}.Debug|x86.Build.0 = Debug|Win32
		{2CDAAF5C-1532-44D7-B34E-E6275F2BE3B4}.Release|x64.ActiveCfg = Release|x64
		{2CDAAF5C-1532-44D7-B34E-E6275F2BE3B4}.Release|x64.Build.0 = Release|x64
		{2CDAAF5C-1532-44D7-B34E-E6275F2BE3B4}.Release|x86.ActiveCfg = Release|Win32
		{2CDAAF5C-1532-44D7-B34E-E6275F2BE3B4}.Release|x86.Build.0 = Release|Win32
		{326739C8-5E06-46CD-8EC3-1C2A667B1793}.Debug|x64.ActiveCfg = Debug|x64
		{326739C8-5E06-46CD-8EC3-1C2A667B1793}.Debug|x64.Build.0 = Debug|x64
		{326739C8-5E06-46CD-8EC3-1C2A667B1793}.Debug|x86.ActiveCfg = Debug|Win32
		{326739C8-5E06-46CD-8EC3-1C2A667B1793}.Debug|x86.Build.0 = Debug|Win32
		{326739C8-5E06-46CD-8EC3-1C2A667B1793}.Release|x64.ActiveCfg = Release|x64
		{326739C8-5E06-46CD-8EC3-1C2A667B1793}.Release|x64.Build.0 = Release|x64
		{326739C8-5E06-46CD-8EC3-1C2A667B1793}.Release|x86.ActiveCfg = Release|Win32
		{326739C8-5E06-46CD-8EC3-1C2A667B1793}.Release|x86.Build.0 = Release|Win32
		{F63889BB-3612-42E0-BDE3-6E6667D3760E}.Debug|x64.ActiveCfg = Debug|x64
		{F63889BB-3612-42E0-BDE3-6E6667D3760E}.Debug|x64.Build.0 = Debug|x64
		{F63889BB-3612-42E0-BDE3-6E6667D3760E}.Debug|x86.ActiveCfg = Debug|Win32
		{F63889BB-3612-42E0-BDE3-6E6667D3760E}.Debug|x86.Build.0 = Debug|Win32
		{F63889BB-3612-42E0-BDE3-6E6667D3760E}.Release|x64.ActiveCfg = Release|x64
		{F63889BB-3612-42E0-BDE3-6E6667D3760E}.Release|x64.Build.0 = Release|x64
		{F63889BB-3612-42E0-BDE3-6E6667D3760E}.Release|x86.ActiveCfg = Release|Win32
		{F63889BB-3612-42E0-BDE3-6E6667D3760E}.Release|x86.Build.0 = Release|Win32
		{000AE761-EE4F-476D-B8C9-051AAFA54462}.Debug|x64.ActiveCfg = Debug|x64
		{000AE761-EE4F-476D-B8C9-051AAFA54462}.Debug|x64.Build.0 = Debug|x64
		{000AE761-EE4F-476D-B8C9-051AAFA54462}.Debug|x86.ActiveCfg = Debug|Win32
		{000AE761-EE4F-476D-B8C9-051AAFA54462}.Debug|x86.Build.0 = Debug|Win32
		{000AE761-EE4F-476D-B8C9-051AAFA54462}.Release|x64.ActiveCfg = Release|x64
		{000AE761-EE4F-476D-B8C9-051AAFA54462}.Release|x64.Build.0 = Release|x64
		{000AE761-EE4F-476D-B8C9-051AAFA54462}.Release|x86.ActiveCfg = Release|Win32
		{000AE761-EE4F-476D-B8C9-051AAFA54462}.Release|x86.Build.0 = Release|Win32
		{84A96D8D-BC6B-4706-8215-BEE49A755294}.Debug|x64.ActiveCfg = Debug|x64
		{84A96D8D-BC6B-4706-8215-BEE49A755294}.Debug|x64.Build.0 = Debug|x64
		{84A96D8D-BC6B-4706-8215-BEE49A755294}.Debug|x86.ActiveCfg = Debug|Win32
		{84A96D8D-BC6B-4706-8215-BEE49A755294}.Debug|x86.Build.0 = Debug|Win32
		{84A96D8D-BC6B-4706-8215-BEE49A755294}.Release|x64.ActiveCfg = Release|x64
		{84A96D8D-BC6B-4706-8215-BEE49A755294}.Release|x64.Build.0 = Release|x64
		{84A96D8D-BC6B-4706-8215-BEE49A755294}.Release|x86.ActiveCfg = Release|Win32
		{84A96D8D-BC6B-4706-8215-BEE49A755294}.Release|x86.Build.0 = Release|Win32
		{86526CB3-3E4B-4C93-8B32-72CEDDAC8E04}.Debug|x64.ActiveCfg = Debug|x64
		{86526CB3-3E4B-4C93-8B32-72CEDDAC8E04}.Debug|x64.Build.0 = Debug|x64
		{86526CB3-3E4B-4C93-8B32-72CEDDAC8E04}.Debug|x86.ActiveCfg = Debug|Win32
		{86526CB3-3E4B-4C93-8B32-72CEDDAC8E04}.Debug|x86.Build.0 = Debug|Win32
		{86526CB3-3E4B-4C93-8B32-72CEDDAC8E04}.Release|x64.ActiveCfg = Release|x64
		{86526CB3-3E4B-4C93-8B32-72CEDDAC8E04}.Release|x64.Build.0 = Release|x64
		{86526CB3-3E4B-4C93-8B32-72CEDDAC8E04}.Release|x86.ActiveCfg = Release|Win32
		{86526CB3-3E4B-4C93-8B32-72CEDDAC8E04}.Release|x86.Build.0 = Release|Win32
		{155597C9-7224-4C8C-968F-D3A18CFD368B}.Debug|x64.ActiveCfg = Debug|x64
		{155597C9-7224-4C8C-968F-D3A18CFD368B}.Debug|x64.Build.0 = Debug|x64
		{155597C9-7224-4C8C-968F-D3A18CFD368B}.Debug|x86.ActiveCfg = Debug|Win32
		{155597C9-7224-4C8C-968F-D3A18CFD368B}.Debug|x86.Build.0 = Debug|Win32
		{155597C9-7224-4C8C-968F-D3A18CFD368B}.Release|x64.ActiveCfg = Release|x64
		{155597C9-7224-4C8C-968F-D3A18CFD368B}.Release|x64.Build.0 = Release|x64
		{155597C9-7224-4C8C-968F-D3A18CFD368B}.Release|x86.ActiveCfg = Release|Win32
		{155597C9-7224-4C8C-968F-D3A18CFD368B}.Release|x86.Build.0 = Release|Win32
		{495BA3CF-A3E8-435E-BE9B-9AFC827BAC9D}.Debug|x64.ActiveCfg = Debug|x64
		{495BA3CF-A3E8-435E-BE9B-9AFC827BAC9D}.Debug|x64.Build.0 = Debug|x64
		{495BA3CF-A3E8-435E-BE9B-9AFC827BAC9D}.Debug|x86.ActiveCfg = Debug|Win32
		{495BA3CF-A3E8-435E-BE9B-9AFC827BAC9D}.Debug|x86.Build.0 = Debug|Win32
		{495BA3CF-A3E8-435E-BE9B-9AFC827BAC9D}.Release|x64.ActiveCfg = Release|x64
		{495BA3CF-A3E8-435E-BE9B-9AFC827BAC9D}.Release|x64.Build.0 = Release|x64
		{495BA3CF-A3E8-435E-BE9B-9AFC827BAC9D}.Release|x86.ActiveCfg = Release|Win32
		{495BA3CF-A3E8-435E-BE9B-9AFC827BAC9D}.Release|x86.Build.0 = Release|Win32
		{7519FE14-00B1-45E4-A0E4-E6C8C47965ED}.Debug|x64.ActiveCfg = Debug|x64
		{7519FE14-00B1-45E4-A0E4-E6C8C47965ED}.Debug|x64.Build.0 = Debug|x64
		{7519FE14-00B1-45E4-A0E4-E6C8C47965ED}.Debug|x86.ActiveCfg = Debug|Win32
		{7519FE14-00B1-45E4-A0E4-E6C8C47965ED}.Debug|x86.Build.0 = Debug|Win32
		{7519FE14-00B1-45E4-A0E4-E6C8C47965ED}.Release|x64.ActiveCfg = Release|x64
		{7519FE14-00B1-45E4-A0E4-E6C8C47965ED}.Release|x64.Build.0 = Release|x64
		{7519FE14-00B1-45E4-A0E4-E6C8C47965ED}.Release|x86.ActiveCfg = Release|Win32
		{7519FE14-00B1-45E4-A0E4-E6C8C47965ED}.Release|x86.Build.0 = Release|Win32
		{8725AB8E-719C-414E-8453-B8379E21DE41}.Debug|x64.ActiveCfg = Debug|x64
		{8725AB8E-719C-414E-8453-B8379E21DE41}.Debug|x64.Build.0 = Debug|x64
		{8725AB8E-719C-414E-8453-B8379E21DE41}.Debug|x86.ActiveCfg = Debug|Win32
		{8725AB8E-719C-414E-8453-B8379E21DE41}.Debug|x86.Build.0 = Debug|Win32
		{8725AB8E-719C-414E-8453-B8379E21DE41}.Release|x64.ActiveCfg = Release|x64
		{8725AB8E-719C-414E-8453-B8379E21DE41}.Release|x64.Build.0 = Release|x64
		{8725AB8E-719C-414E-8453-B8379E21DE41}.Release|x86.ActiveCfg = Release|Win32
		{8725AB8E-719C-414E-8453-B8379E21DE41}.Release|x86.Build.0 = Release|Win32
		{634B7324-E34A-470D-90B3-842EDE5A6215}.Debug|x64.ActiveCfg = Debug|x64
		{634B7324-E34A-470D-90B3-842EDE5A6215}.Debug|x64.Build.0 = Debug|x64
		{634B7324-E34A-470D-90B3-842EDE5A6215}.Debug|x86.ActiveCfg = Debug|Win32
		{634B7324-E34A-470D-90B3-842EDE5A6215}.Debug|x86.Build.0 = Debug|Win32
		{634B7324-E34A-470D-90B3-842EDE5A6215}.Release|x64.ActiveCfg = Release|x64
		{634B7324-E34A-470D-90B3-842EDE5A6215}.Release|x64.Build.0 = Release|x64
		{634B7324-E34A-470D-90B3-842EDE5A6215}.Release|x86.ActiveCfg = Release|Win32
		{634B7324-E34A-470D-90B3-842EDE5A6215}.Release|x86.Build.0 = Release|Win32
		{76347108-8BB0-4D08-A913-B9B7D1A84E7A}.Debug|x64.ActiveCfg = Debug|x64
		{76347108-8BB0-4D08-A913-B9B7D1A84E7A}.Debug|x64.Build.0 = Debug|x64
		{76347108-8BB0-4D08-A913-B9B7D1A84E7A}.Debug|x86.ActiveCfg = Debug|Win32
		{76347108-8BB0-4D08-A913-B9B7D1A84E7A}.Debug|x86.Build.0 = Debug|Win32
		{76347108-8BB0-4D08-A913-B9B7D1A84E7A}.Release|x64.ActiveCfg = Release|x64
		{76347108-8BB0-4D08-A913-B9B7D1A84E7A}.Release|x64.Build.0 = Release|x64
		{76347108-8BB0-4D08-A913-B9B7D1A84E7A}.Release|x86.ActiveCfg = Release|Win32
		{76347108-8BB0-4D08-A913-B9B7D1A84E7A}.Release|x86.Build.0 = Release|Win32
	EndGlobalSection
	GlobalSection(SolutionProperties) = preSolution
		HideSolutionNode = FALSE
	EndGlobalSection
EndGlobal
